
Microsoft Visual Studio Solution File, Format Version 12.00
# Visual Studio Version 16
VisualStudioVersion = 16.0.30204.135
MinimumVisualStudioVersion = 10.0.40219.1
Project("{9A19103F-16F7-4668-BE54-9A1E7A4F7556}") = "校趣多打卡", "校趣多打卡\校趣多打卡.csproj", "{0F25B32B-37D0-434A-B559-EF970A1FDB01}"
EndProject
Global
	GlobalSection(SolutionConfigurationPlatforms) = preSolution
		Debug|Any CPU = Debug|Any CPU
		Release|Any CPU = Release|Any CPU
	EndGlobalSection
	GlobalSection(ProjectConfigurationPlatforms) = postSolution
		{0F25B32B-37D0-434A-B559-EF970A1FDB01}.Debug|Any CPU.ActiveCfg = Debug|Any CPU
		{0F25B32B-37D0-434A-B559-EF970A1FDB01}.Debug|Any CPU.Build.0 = Debug|Any CPU
		{0F25B32B-37D0-434A-B559-EF970A1FDB01}.Release|Any CPU.ActiveCfg = Release|Any CPU
		{0F25B32B-37D0-434A-B559-EF970A1FDB01}.Release|Any CPU.Build.0 = Release|Any CPU
	EndGlobalSection
	GlobalSection(SolutionProperties) = preSolution
		HideSolutionNode = FALSE
	EndGlobalSection
	GlobalSection(ExtensibilityGlobals) = postSolution
		SolutionGuid = {69907B98-98CC-4ECE-8DA0-2C2096D54731}
	EndGlobalSection
EndGlobal
